
Microsoft Visual Studio Solution File, Format Version 12.00
# Visual Studio Version 17
VisualStudioVersion = 17.7.34031.279
MinimumVisualStudioVersion = 10.0.40219.1
Project("{888888A0-9F3D-457C-B088-3A5042F75D52}") = "PY_Fashion_Classifier", "PY_Fashion_Classifier.pyproj", "{CDC1B907-802F-4448-AD33-03439092A940}"
EndProject
Global
	GlobalSection(SolutionConfigurationPlatforms) = preSolution
		Debug|Any CPU = Debug|Any CPU
		Release|Any CPU = Release|Any CPU
	EndGlobalSection
	GlobalSection(ProjectConfigurationPlatforms) = postSolution
		{CDC1B907-802F-4448-AD33-03439092A940}.Debug|Any CPU.ActiveCfg = Debug|Any CPU
		{CDC1B907-802F-4448-AD33-03439092A940}.Release|Any CPU.ActiveCfg = Release|Any CPU
	EndGlobalSection
	GlobalSection(SolutionProperties) = preSolution
		HideSolutionNode = FALSE
	EndGlobalSection
	GlobalSection(ExtensibilityGlobals) = postSolution
		SolutionGuid = {0BA39FD7-D343-4F98-A5B4-3CE057FD466A}
	EndGlobalSection
EndGlobal
